
Microsoft Visual Studio Solution File, Format Version 12.00
Project("{FAE04EC0-301F-11D3-BF4B-00C04F79EFBC}") = "CodeQualityAnalyzer", "CodeQualityAnalyzer\CodeQualityAnalyzer.csproj", "{0B221F31-53C4-438B-9551-FF7C5ABA002D}"
EndProject
Global
	GlobalSection(SolutionConfigurationPlatforms) = preSolution
		Debug|Any CPU = Debug|Any CPU
		Release|Any CPU = Release|Any CPU
	EndGlobalSection
	GlobalSection(ProjectConfigurationPlatforms) = postSolution
		{0B221F31-53C4-438B-9551-FF7C5ABA002D}.Debug|Any CPU.ActiveCfg = Debug|Any CPU
		{0B221F31-53C4-438B-9551-FF7C5ABA002D}.Debug|Any CPU.Build.0 = Debug|Any CPU
		{0B221F31-53C4-438B-9551-FF7C5ABA002D}.Release|Any CPU.ActiveCfg = Release|Any CPU
		{0B221F31-53C4-438B-9551-FF7C5ABA002D}.Release|Any CPU.Build.0 = Release|Any CPU
	EndGlobalSection
EndGlobal
